
Microsoft Visual Studio Solution File, Format Version 12.00
# Visual Studio Version 17
VisualStudioVersion = 17.0.31919.166
MinimumVisualStudioVersion = 10.0.40219.1
Project("{FAE04EC0-301F-11D3-BF4B-00C04F79EFBC}") = "SecuringWebApiDotNetCoreWithIdentityAndJwt", "SecuringWebApiDotNetCoreWithIdentityAndJwt\SecuringWebApiDotNetCoreWithIdentityAndJwt.csproj", "{911EC7BF-C07D-44C8-86F4-1BA1D5B266E8}"
EndProject
Global
	GlobalSection(SolutionConfigurationPlatforms) = preSolution
		Debug|Any CPU = Debug|Any CPU
		Release|Any CPU = Release|Any CPU
	EndGlobalSection
	GlobalSection(ProjectConfigurationPlatforms) = postSolution
		{911EC7BF-C07D-44C8-86F4-1BA1D5B266E8}.Debug|Any CPU.ActiveCfg = Debug|Any CPU
		{911EC7BF-C07D-44C8-86F4-1BA1D5B266E8}.Debug|Any CPU.Build.0 = Debug|Any CPU
		{911EC7BF-C07D-44C8-86F4-1BA1D5B266E8}.Release|Any CPU.ActiveCfg = Release|Any CPU
		{911EC7BF-C07D-44C8-86F4-1BA1D5B266E8}.Release|Any CPU.Build.0 = Release|Any CPU
	EndGlobalSection
	GlobalSection(SolutionProperties) = preSolution
		HideSolutionNode = FALSE
	EndGlobalSection
	GlobalSection(ExtensibilityGlobals) = postSolution
		SolutionGuid = {67B6F045-6410-4ADA-8BE2-47D1C39AF852}
	EndGlobalSection
EndGlobal
